
Microsoft Visual Studio Solution File, Format Version 12.00
# Visual Studio Version 17
VisualStudioVersion = 17.6.33829.357
MinimumVisualStudioVersion = 10.0.40219.1
Project("{FAE04EC0-301F-11D3-BF4B-00C04F79EFBC}") = "EasyTaskTracker", "WebApplication1\EasyTaskTracker.csproj", "{9BDE91ED-23BD-489D-8F90-FD7C491725D9}"
EndProject
Global
	GlobalSection(SolutionConfigurationPlatforms) = preSolution
		Debug|Any CPU = Debug|Any CPU
		Release|Any CPU = Release|Any CPU
	EndGlobalSection
	GlobalSection(ProjectConfigurationPlatforms) = postSolution
		{9BDE91ED-23BD-489D-8F90-FD7C491725D9}.Debug|Any CPU.ActiveCfg = Debug|Any CPU
		{9BDE91ED-23BD-489D-8F90-FD7C491725D9}.Debug|Any CPU.Build.0 = Debug|Any CPU
		{9BDE91ED-23BD-489D-8F90-FD7C491725D9}.Release|Any CPU.ActiveCfg = Release|Any CPU
		{9BDE91ED-23BD-489D-8F90-FD7C491725D9}.Release|Any CPU.Build.0 = Release|Any CPU
	EndGlobalSection
	GlobalSection(SolutionProperties) = preSolution
		HideSolutionNode = FALSE
	EndGlobalSection
	GlobalSection(ExtensibilityGlobals) = postSolution
		SolutionGuid = {4E4C3B33-8733-4942-BD29-6F9B8444D76C}
	EndGlobalSection
EndGlobal
